# This file is automatically @generated by Cargo.
# It is not intended for manual editing.
[[package]]
name = "conv"
version = "0.0.1"
source = "git+https://github.com/Pedrocasf/conv?rev=8ca85c#8ca85cdcaed383022b58d3b5af402bebb89d88e2"

[[package]]
name = "inter"
version = "0.0.1"
dependencies = [
 "conv 0.0.1 (git+https://github.com/Pedrocasf/conv?rev=8ca85c)",
]

[metadata]
"checksum conv 0.0.1 (git+https://github.com/Pedrocasf/conv?rev=8ca85c)" = "<none>"
